// !$*UTF8*$!
{
	archiveVersion = 1;
	classes = {
	};
	objectVersion = 46;
	objects = {

/* Begin PBXBuildFile section */
		3C0826D31B3A0849004D22BA /* AppDelegate.swift in Sources */ = {isa = PBXBuildFile; fileRef = 3C0826D21B3A0849004D22BA /* AppDelegate.swift */; };
		3C0826D51B3A0849004D22BA /* ViewController.swift in Sources */ = {isa = PBXBuildFile; fileRef = 3C0826D41B3A0849004D22BA /* ViewController.swift */; };
		3C0826D81B3A0849004D22BA /* Main.storyboard in Resources */ = {isa = PBXBuildFile; fileRef = 3C0826D61B3A0849004D22BA /* Main.storyboard */; };
		3C0826DA1B3A0849004D22BA /* Images.xcassets in Resources */ = {isa = PBXBuildFile; fileRef = 3C0826D91B3A0849004D22BA /* Images.xcassets */; };
		3C0826DD1B3A0849004D22BA /* LaunchScreen.xib in Resources */ = {isa = PBXBuildFile; fileRef = 3C0826DB1B3A0849004D22BA /* LaunchScreen.xib */; };
		3C0826E91B3A0849004D22BA /* CloudKitTodo_SwiftTests.swift in Sources */ = {isa = PBXBuildFile; fileRef = 3C0826E81B3A0849004D22BA /* CloudKitTodo_SwiftTests.swift */; };
		3CE254F41B3A184B00345C5C /* MyTodo.swift in Sources */ = {isa = PBXBuildFile; fileRef = 3CE254F31B3A184B00345C5C /* MyTodo.swift */; };
		3CE254F91B3B0B2C00345C5C /* MyDatabaseObject.m in Sources */ = {isa = PBXBuildFile; fileRef = 3CE254F81B3B0B2C00345C5C /* MyDatabaseObject.m */; };
		3CE254FA1B3B0B2C00345C5C /* MyDatabaseObject.m in Sources */ = {isa = PBXBuildFile; fileRef = 3CE254F81B3B0B2C00345C5C /* MyDatabaseObject.m */; };
		3CE254FB1B3B0B3A00345C5C /* MyTodo.swift in Sources */ = {isa = PBXBuildFile; fileRef = 3CE254F31B3A184B00345C5C /* MyTodo.swift */; };
		B617CF62171B86F9F0D3FF4E /* Pods_CloudKitTodo_SwiftTests.framework in Frameworks */ = {isa = PBXBuildFile; fileRef = 9968E3FD651591D04D811E42 /* Pods_CloudKitTodo_SwiftTests.framework */; settings = {ATTRIBUTES = (Weak, ); }; };
		C6940ECB6A2E1EF7D00D7F25 /* Pods_CloudKitTodo_Swift.framework in Frameworks */ = {isa = PBXBuildFile; fileRef = 49958AF53E1C9FD8DF327CBE /* Pods_CloudKitTodo_Swift.framework */; settings = {ATTRIBUTES = (Weak, ); }; };
/* End PBXBuildFile section */

/* Begin PBXContainerItemProxy section */
		3C0826E31B3A0849004D22BA /* PBXContainerItemProxy */ = {
			isa = PBXContainerItemProxy;
			containerPortal = 3C0826C51B3A0849004D22BA /* Project object */;
			proxyType = 1;
			remoteGlobalIDString = 3C0826CC1B3A0849004D22BA;
			remoteInfo = "CloudKitTodo-Swift";
		};
/* End PBXContainerItemProxy section */

/* Begin PBXFileReference section */
		0582E4BEB2E7BD34D40F415C /* Pods-CloudKitTodo-SwiftTests.debug.xcconfig */ = {isa = PBXFileReference; includeInIndex = 1; lastKnownFileType = text.xcconfig; name = "Pods-CloudKitTodo-SwiftTests.debug.xcconfig"; path = "Pods/Target Support Files/Pods-CloudKitTodo-SwiftTests/Pods-CloudKitTodo-SwiftTests.debug.xcconfig"; sourceTree = "<group>"; };
		3C0826CD1B3A0849004D22BA /* CloudKitTodo-Swift.app */ = {isa = PBXFileReference; explicitFileType = wrapper.application; includeInIndex = 0; path = "CloudKitTodo-Swift.app"; sourceTree = BUILT_PRODUCTS_DIR; };
		3C0826D11B3A0849004D22BA /* Info.plist */ = {isa = PBXFileReference; lastKnownFileType = text.plist.xml; path = Info.plist; sourceTree = "<group>"; };
		3C0826D21B3A0849004D22BA /* AppDelegate.swift */ = {isa = PBXFileReference; lastKnownFileType = sourcecode.swift; path = AppDelegate.swift; sourceTree = "<group>"; };
		3C0826D41B3A0849004D22BA /* ViewController.swift */ = {isa = PBXFileReference; lastKnownFileType = sourcecode.swift; path = ViewController.swift; sourceTree = "<group>"; };
		3C0826D71B3A0849004D22BA /* Base */ = {isa = PBXFileReference; lastKnownFileType = file.storyboard; name = Base; path = Base.lproj/Main.storyboard; sourceTree = "<group>"; };
		3C0826D91B3A0849004D22BA /* Images.xcassets */ = {isa = PBXFileReference; lastKnownFileType = folder.assetcatalog; path = Images.xcassets; sourceTree = "<group>"; };
		3C0826DC1B3A0849004D22BA /* Base */ = {isa = PBXFileReference; lastKnownFileType = file.xib; name = Base; path = Base.lproj/LaunchScreen.xib; sourceTree = "<group>"; };
		3C0826E21B3A0849004D22BA /* CloudKitTodo-SwiftTests.xctest */ = {isa = PBXFileReference; explicitFileType = wrapper.cfbundle; includeInIndex = 0; path = "CloudKitTodo-SwiftTests.xctest"; sourceTree = BUILT_PRODUCTS_DIR; };
		3C0826E71B3A0849004D22BA /* Info.plist */ = {isa = PBXFileReference; lastKnownFileType = text.plist.xml; path = Info.plist; sourceTree = "<group>"; };
		3C0826E81B3A0849004D22BA /* CloudKitTodo_SwiftTests.swift */ = {isa = PBXFileReference; lastKnownFileType = sourcecode.swift; path = CloudKitTodo_SwiftTests.swift; sourceTree = "<group>"; };
		3CE254F31B3A184B00345C5C /* MyTodo.swift */ = {isa = PBXFileReference; fileEncoding = 4; lastKnownFileType = sourcecode.swift; path = MyTodo.swift; sourceTree = "<group>"; };
		3CE254F51B3B0B2B00345C5C /* CloudKitTodo-Swift-Bridging-Header.h */ = {isa = PBXFileReference; lastKnownFileType = sourcecode.c.h; path = "CloudKitTodo-Swift-Bridging-Header.h"; sourceTree = "<group>"; };
		3CE254F61B3B0B2B00345C5C /* CloudKitTodo-SwiftTests-Bridging-Header.h */ = {isa = PBXFileReference; lastKnownFileType = sourcecode.c.h; path = "CloudKitTodo-SwiftTests-Bridging-Header.h"; sourceTree = "<group>"; };
		3CE254F71B3B0B2C00345C5C /* MyDatabaseObject.h */ = {isa = PBXFileReference; fileEncoding = 4; lastKnownFileType = sourcecode.c.h; path = MyDatabaseObject.h; sourceTree = "<group>"; };
		3CE254F81B3B0B2C00345C5C /* MyDatabaseObject.m */ = {isa = PBXFileReference; fileEncoding = 4; lastKnownFileType = sourcecode.c.objc; path = MyDatabaseObject.m; sourceTree = "<group>"; };
		49958AF53E1C9FD8DF327CBE /* Pods_CloudKitTodo_Swift.framework */ = {isa = PBXFileReference; explicitFileType = wrapper.framework; includeInIndex = 0; path = Pods_CloudKitTodo_Swift.framework; sourceTree = BUILT_PRODUCTS_DIR; };
		637C2A4F5ED6A5F1561C0267 /* Pods-CloudKitTodo-Swift.release.xcconfig */ = {isa = PBXFileReference; includeInIndex = 1; lastKnownFileType = text.xcconfig; name = "Pods-CloudKitTodo-Swift.release.xcconfig"; path = "Pods/Target Support Files/Pods-CloudKitTodo-Swift/Pods-CloudKitTodo-Swift.release.xcconfig"; sourceTree = "<group>"; };
		8EDB3014C06D4B982575B092 /* Pods-CloudKitTodo-Swift.debug.xcconfig */ = {isa = PBXFileReference; includeInIndex = 1; lastKnownFileType = text.xcconfig; name = "Pods-CloudKitTodo-Swift.debug.xcconfig"; path = "Pods/Target Support Files/Pods-CloudKitTodo-Swift/Pods-CloudKitTodo-Swift.debug.xcconfig"; sourceTree = "<group>"; };
		9968E3FD651591D04D811E42 /* Pods_CloudKitTodo_SwiftTests.framework */ = {isa = PBXFileReference; explicitFileType = wrapper.framework; includeInIndex = 0; path = Pods_CloudKitTodo_SwiftTests.framework; sourceTree = BUILT_PRODUCTS_DIR; };
		DBE7473F24460A1AAF8C6665 /* Pods-CloudKitTodo-SwiftTests.release.xcconfig */ = {isa = PBXFileReference; includeInIndex = 1; lastKnownFileType = text.xcconfig; name = "Pods-CloudKitTodo-SwiftTests.release.xcconfig"; path = "Pods/Target Support Files/Pods-CloudKitTodo-SwiftTests/Pods-CloudKitTodo-SwiftTests.release.xcconfig"; sourceTree = "<group>"; };
/* End PBXFileReference section */

/* Begin PBXFrameworksBuildPhase section */
		3C0826CA1B3A0849004D22BA /* Frameworks */ = {
			isa = PBXFrameworksBuildPhase;
			buildActionMask = 2147483647;
			files = (
				C6940ECB6A2E1EF7D00D7F25 /* Pods_CloudKitTodo_Swift.framework in Frameworks */,
			);
			runOnlyForDeploymentPostprocessing = 0;
		};
		3C0826DF1B3A0849004D22BA /* Frameworks */ = {
			isa = PBXFrameworksBuildPhase;
			buildActionMask = 2147483647;
			files = (
				B617CF62171B86F9F0D3FF4E /* Pods_CloudKitTodo_SwiftTests.framework in Frameworks */,
			);
			runOnlyForDeploymentPostprocessing = 0;
		};
/* End PBXFrameworksBuildPhase section */

/* Begin PBXGroup section */
		3C0826C41B3A0849004D22BA = {
			isa = PBXGroup;
			children = (
				3C0826CF1B3A0849004D22BA /* CloudKitTodo-Swift */,
				3C0826E51B3A0849004D22BA /* CloudKitTodo-SwiftTests */,
				3C0826CE1B3A0849004D22BA /* Products */,
				D469A6A265C3E72FCF24B6DF /* Pods */,
				F7069712392CCB724F077B43 /* Frameworks */,
			);
			sourceTree = "<group>";
		};
		3C0826CE1B3A0849004D22BA /* Products */ = {
			isa = PBXGroup;
			children = (
				3C0826CD1B3A0849004D22BA /* CloudKitTodo-Swift.app */,
				3C0826E21B3A0849004D22BA /* CloudKitTodo-SwiftTests.xctest */,
			);
			name = Products;
			sourceTree = "<group>";
		};
		3C0826CF1B3A0849004D22BA /* CloudKitTodo-Swift */ = {
			isa = PBXGroup;
			children = (
				3CE254F21B3A181400345C5C /* Model */,
				3C0826D21B3A0849004D22BA /* AppDelegate.swift */,
				3C0826D41B3A0849004D22BA /* ViewController.swift */,
				3C0826D61B3A0849004D22BA /* Main.storyboard */,
				3C0826D91B3A0849004D22BA /* Images.xcassets */,
				3C0826DB1B3A0849004D22BA /* LaunchScreen.xib */,
				3CE254F51B3B0B2B00345C5C /* CloudKitTodo-Swift-Bridging-Header.h */,
				3CE254F61B3B0B2B00345C5C /* CloudKitTodo-SwiftTests-Bridging-Header.h */,
				3C0826D01B3A0849004D22BA /* Supporting Files */,
			);
			path = "CloudKitTodo-Swift";
			sourceTree = "<group>";
		};
		3C0826D01B3A0849004D22BA /* Supporting Files */ = {
			isa = PBXGroup;
			children = (
				3C0826D11B3A0849004D22BA /* Info.plist */,
			);
			name = "Supporting Files";
			sourceTree = "<group>";
		};
		3C0826E51B3A0849004D22BA /* CloudKitTodo-SwiftTests */ = {
			isa = PBXGroup;
			children = (
				3C0826E81B3A0849004D22BA /* CloudKitTodo_SwiftTests.swift */,
				3C0826E61B3A0849004D22BA /* Supporting Files */,
			);
			path = "CloudKitTodo-SwiftTests";
			sourceTree = "<group>";
		};
		3C0826E61B3A0849004D22BA /* Supporting Files */ = {
			isa = PBXGroup;
			children = (
				3C0826E71B3A0849004D22BA /* Info.plist */,
			);
			name = "Supporting Files";
			sourceTree = "<group>";
		};
		3CE254F21B3A181400345C5C /* Model */ = {
			isa = PBXGroup;
			children = (
				3CE254F71B3B0B2C00345C5C /* MyDatabaseObject.h */,
				3CE254F81B3B0B2C00345C5C /* MyDatabaseObject.m */,
				3CE254F31B3A184B00345C5C /* MyTodo.swift */,
			);
			name = Model;
			sourceTree = "<group>";
		};
		D469A6A265C3E72FCF24B6DF /* Pods */ = {
			isa = PBXGroup;
			children = (
				8EDB3014C06D4B982575B092 /* Pods-CloudKitTodo-Swift.debug.xcconfig */,
				637C2A4F5ED6A5F1561C0267 /* Pods-CloudKitTodo-Swift.release.xcconfig */,
				0582E4BEB2E7BD34D40F415C /* Pods-CloudKitTodo-SwiftTests.debug.xcconfig */,
				DBE7473F24460A1AAF8C6665 /* Pods-CloudKitTodo-SwiftTests.release.xcconfig */,
			);
			name = Pods;
			sourceTree = "<group>";
		};
		F7069712392CCB724F077B43 /* Frameworks */ = {
			isa = PBXGroup;
			children = (
				49958AF53E1C9FD8DF327CBE /* Pods_CloudKitTodo_Swift.framework */,
				9968E3FD651591D04D811E42 /* Pods_CloudKitTodo_SwiftTests.framework */,
			);
			name = Frameworks;
			sourceTree = "<group>";
		};
/* End PBXGroup section */

/* Begin PBXNativeTarget section */
		3C0826CC1B3A0849004D22BA /* CloudKitTodo-Swift */ = {
			isa = PBXNativeTarget;
			buildConfigurationList = 3C0826EC1B3A0849004D22BA /* Build configuration list for PBXNativeTarget "CloudKitTodo-Swift" */;
			buildPhases = (
				2806F4398000C7951DD34C20 /* Check Pods Manifest.lock */,
				3C0826C91B3A0849004D22BA /* Sources */,
				3C0826CA1B3A0849004D22BA /* Frameworks */,
				3C0826CB1B3A0849004D22BA /* Resources */,
				B7C66E5318B14AB133D81E2C /* Embed Pods Frameworks */,
				A8E332FE6BB7443BBE16B9B3 /* Copy Pods Resources */,
			);
			buildRules = (
			);
			dependencies = (
			);
			name = "CloudKitTodo-Swift";
			productName = "CloudKitTodo-Swift";
			productReference = 3C0826CD1B3A0849004D22BA /* CloudKitTodo-Swift.app */;
			productType = "com.apple.product-type.application";
		};
		3C0826E11B3A0849004D22BA /* CloudKitTodo-SwiftTests */ = {
			isa = PBXNativeTarget;
			buildConfigurationList = 3C0826EF1B3A0849004D22BA /* Build configuration list for PBXNativeTarget "CloudKitTodo-SwiftTests" */;
			buildPhases = (
				DA5C8662729B0E8CCF4FB389 /* Check Pods Manifest.lock */,
				3C0826DE1B3A0849004D22BA /* Sources */,
				3C0826DF1B3A0849004D22BA /* Frameworks */,
				3C0826E01B3A0849004D22BA /* Resources */,
				60A601C345D833C80350D233 /* Embed Pods Frameworks */,
				008115AD845D3C1987973096 /* Copy Pods Resources */,
			);
			buildRules = (
			);
			dependencies = (
				3C0826E41B3A0849004D22BA /* PBXTargetDependency */,
			);
			name = "CloudKitTodo-SwiftTests";
			productName = "CloudKitTodo-SwiftTests";
			productReference = 3C0826E21B3A0849004D22BA /* CloudKitTodo-SwiftTests.xctest */;
			productType = "com.apple.product-type.bundle.unit-test";
		};
/* End PBXNativeTarget section */

/* Begin PBXProject section */
		3C0826C51B3A0849004D22BA /* Project object */ = {
			isa = PBXProject;
			attributes = {
				LastUpgradeCheck = 0630;
				ORGANIZATIONNAME = Example.com;
				TargetAttributes = {
					3C0826CC1B3A0849004D22BA = {
						CreatedOnToolsVersion = 6.3.2;
					};
					3C0826E11B3A0849004D22BA = {
						CreatedOnToolsVersion = 6.3.2;
						TestTargetID = 3C0826CC1B3A0849004D22BA;
					};
				};
			};
			buildConfigurationList = 3C0826C81B3A0849004D22BA /* Build configuration list for PBXProject "CloudKitTodo-Swift" */;
			compatibilityVersion = "Xcode 3.2";
			developmentRegion = English;
			hasScannedForEncodings = 0;
			knownRegions = (
				en,
				Base,
			);
			mainGroup = 3C0826C41B3A0849004D22BA;
			productRefGroup = 3C0826CE1B3A0849004D22BA /* Products */;
			projectDirPath = "";
			projectRoot = "";
			targets = (
				3C0826CC1B3A0849004D22BA /* CloudKitTodo-Swift */,
				3C0826E11B3A0849004D22BA /* CloudKitTodo-SwiftTests */,
			);
		};
/* End PBXProject section */

/* Begin PBXResourcesBuildPhase section */
		3C0826CB1B3A0849004D22BA /* Resources */ = {
			isa = PBXResourcesBuildPhase;
			buildActionMask = 2147483647;
			files = (
				3C0826D81B3A0849004D22BA /* Main.storyboard in Resources */,
				3C0826DD1B3A0849004D22BA /* LaunchScreen.xib in Resources */,
				3C0826DA1B3A0849004D22BA /* Images.xcassets in Resources */,
			);
			runOnlyForDeploymentPostprocessing = 0;
		};
		3C0826E01B3A0849004D22BA /* Resources */ = {
			isa = PBXResourcesBuildPhase;
			buildActionMask = 2147483647;
			files = (
			);
			runOnlyForDeploymentPostprocessing = 0;
		};
/* End PBXResourcesBuildPhase section */

/* Begin PBXShellScriptBuildPhase section */
		008115AD845D3C1987973096 /* Copy Pods Resources */ = {
			isa = PBXShellScriptBuildPhase;
			buildActionMask = 2147483647;
			files = (
			);
			inputPaths = (
			);
			name = "Copy Pods Resources";
			outputPaths = (
			);
			runOnlyForDeploymentPostprocessing = 0;
			shellPath = /bin/sh;
			shellScript = "\"${SRCROOT}/Pods/Target Support Files/Pods-CloudKitTodo-SwiftTests/Pods-CloudKitTodo-SwiftTests-resources.sh\"\n";
			showEnvVarsInLog = 0;
		};
		2806F4398000C7951DD34C20 /* Check Pods Manifest.lock */ = {
			isa = PBXShellScriptBuildPhase;
			buildActionMask = 2147483647;
			files = (
			);
			inputPaths = (
			);
			name = "Check Pods Manifest.lock";
			outputPaths = (
			);
			runOnlyForDeploymentPostprocessing = 0;
			shellPath = /bin/sh;
			shellScript = "diff \"${PODS_ROOT}/../Podfile.lock\" \"${PODS_ROOT}/Manifest.lock\" > /dev/null\nif [[ $? != 0 ]] ; then\n    cat << EOM\nerror: The sandbox is not in sync with the Podfile.lock. Run 'pod install' or update your CocoaPods installation.\nEOM\n    exit 1\nfi\n";
			showEnvVarsInLog = 0;
		};
		60A601C345D833C80350D233 /* Embed Pods Frameworks */ = {
			isa = PBXShellScriptBuildPhase;
			buildActionMask = 2147483647;
			files = (
			);
			inputPaths = (
			);
			name = "Embed Pods Frameworks";
			outputPaths = (
			);
			runOnlyForDeploymentPostprocessing = 0;
			shellPath = /bin/sh;
			shellScript = "\"${SRCROOT}/Pods/Target Support Files/Pods-CloudKitTodo-SwiftTests/Pods-CloudKitTodo-SwiftTests-frameworks.sh\"\n";
			showEnvVarsInLog = 0;
		};
		A8E332FE6BB7443BBE16B9B3 /* Copy Pods Resources */ = {
			isa = PBXShellScriptBuildPhase;
			buildActionMask = 2147483647;
			files = (
			);
			inputPaths = (
			);
			name = "Copy Pods Resources";
			outputPaths = (
			);
			runOnlyForDeploymentPostprocessing = 0;
			shellPath = /bin/sh;
			shellScript = "\"${SRCROOT}/Pods/Target Support Files/Pods-CloudKitTodo-Swift/Pods-CloudKitTodo-Swift-resources.sh\"\n";
			showEnvVarsInLog = 0;
		};
		B7C66E5318B14AB133D81E2C /* Embed Pods Frameworks */ = {
			isa = PBXShellScriptBuildPhase;
			buildActionMask = 2147483647;
			files = (
			);
			inputPaths = (
			);
			name = "Embed Pods Frameworks";
			outputPaths = (
			);
			runOnlyForDeploymentPostprocessing = 0;
			shellPath = /bin/sh;
			shellScript = "\"${SRCROOT}/Pods/Target Support Files/Pods-CloudKitTodo-Swift/Pods-CloudKitTodo-Swift-frameworks.sh\"\n";
			showEnvVarsInLog = 0;
		};
		DA5C8662729B0E8CCF4FB389 /* Check Pods Manifest.lock */ = {
			isa = PBXShellScriptBuildPhase;
			buildActionMask = 2147483647;
			files = (
			);
			inputPaths = (
			);
			name = "Check Pods Manifest.lock";
			outputPaths = (
			);
			runOnlyForDeploymentPostprocessing = 0;
			shellPath = /bin/sh;
			shellScript = "diff \"${PODS_ROOT}/../Podfile.lock\" \"${PODS_ROOT}/Manifest.lock\" > /dev/null\nif [[ $? != 0 ]] ; then\n    cat << EOM\nerror: The sandbox is not in sync with the Podfile.lock. Run 'pod install' or update your CocoaPods installation.\nEOM\n    exit 1\nfi\n";
			showEnvVarsInLog = 0;
		};
/* End PBXShellScriptBuildPhase section */

/* Begin PBXSourcesBuildPhase section */
		3C0826C91B3A0849004D22BA /* Sources */ = {
			isa = PBXSourcesBuildPhase;
			buildActionMask = 2147483647;
			files = (
				3C0826D51B3A0849004D22BA /* ViewController.swift in Sources */,
				3CE254F41B3A184B00345C5C /* MyTodo.swift in Sources */,
				3C0826D31B3A0849004D22BA /* AppDelegate.swift in Sources */,
				3CE254F91B3B0B2C00345C5C /* MyDatabaseObject.m in Sources */,
			);
			runOnlyForDeploymentPostprocessing = 0;
		};
		3C0826DE1B3A0849004D22BA /* Sources */ = {
			isa = PBXSourcesBuildPhase;
			buildActionMask = 2147483647;
			files = (
				3C0826E91B3A0849004D22BA /* CloudKitTodo_SwiftTests.swift in Sources */,
				3CE254FB1B3B0B3A00345C5C /* MyTodo.swift in Sources */,
				3CE254FA1B3B0B2C00345C5C /* MyDatabaseObject.m in Sources */,
			);
			runOnlyForDeploymentPostprocessing = 0;
		};
/* End PBXSourcesBuildPhase section */

/* Begin PBXTargetDependency section */
		3C0826E41B3A0849004D22BA /* PBXTargetDependency */ = {
			isa = PBXTargetDependency;
			target = 3C0826CC1B3A0849004D22BA /* CloudKitTodo-Swift */;
			targetProxy = 3C0826E31B3A0849004D22BA /* PBXContainerItemProxy */;
		};
/* End PBXTargetDependency section */

/* Begin PBXVariantGroup section */
		3C0826D61B3A0849004D22BA /* Main.storyboard */ = {
			isa = PBXVariantGroup;
			children = (
				3C0826D71B3A0849004D22BA /* Base */,
			);
			name = Main.storyboard;
			sourceTree = "<group>";
		};
		3C0826DB1B3A0849004D22BA /* LaunchScreen.xib */ = {
			isa = PBXVariantGroup;
			children = (
				3C0826DC1B3A0849004D22BA /* Base */,
			);
			name = LaunchScreen.xib;
			sourceTree = "<group>";
		};
/* End PBXVariantGroup section */

/* Begin XCBuildConfiguration section */
		3C0826EA1B3A0849004D22BA /* Debug */ = {
			isa = XCBuildConfiguration;
			buildSettings = {
				ALWAYS_SEARCH_USER_PATHS = NO;
				CLANG_CXX_LANGUAGE_STANDARD = "gnu++0x";
				CLANG_CXX_LIBRARY = "libc++";
				CLANG_ENABLE_MODULES = YES;
				CLANG_ENABLE_OBJC_ARC = YES;
				CLANG_WARN_BOOL_CONVERSION = YES;
				CLANG_WARN_CONSTANT_CONVERSION = YES;
				CLANG_WARN_DIRECT_OBJC_ISA_USAGE = YES_ERROR;
				CLANG_WARN_EMPTY_BODY = YES;
				CLANG_WARN_ENUM_CONVERSION = YES;
				CLANG_WARN_INT_CONVERSION = YES;
				CLANG_WARN_OBJC_ROOT_CLASS = YES_ERROR;
				CLANG_WARN_UNREACHABLE_CODE = YES;
				CLANG_WARN__DUPLICATE_METHOD_MATCH = YES;
				"CODE_SIGN_IDENTITY[sdk=iphoneos*]" = "iPhone Developer";
				COPY_PHASE_STRIP = NO;
				DEBUG_INFORMATION_FORMAT = "dwarf-with-dsym";
				ENABLE_STRICT_OBJC_MSGSEND = YES;
				GCC_C_LANGUAGE_STANDARD = gnu99;
				GCC_DYNAMIC_NO_PIC = NO;
				GCC_NO_COMMON_BLOCKS = YES;
				GCC_OPTIMIZATION_LEVEL = 0;
				GCC_PREPROCESSOR_DEFINITIONS = (
					"DEBUG=1",
					"$(inherited)",
				);
				GCC_SYMBOLS_PRIVATE_EXTERN = NO;
				GCC_WARN_64_TO_32_BIT_CONVERSION = YES;
				GCC_WARN_ABOUT_RETURN_TYPE = YES_ERROR;
				GCC_WARN_UNDECLARED_SELECTOR = YES;
				GCC_WARN_UNINITIALIZED_AUTOS = YES_AGGRESSIVE;
				GCC_WARN_UNUSED_FUNCTION = YES;
				GCC_WARN_UNUSED_VARIABLE = YES;
				IPHONEOS_DEPLOYMENT_TARGET = 8.3;
				MTL_ENABLE_DEBUG_INFO = YES;
				ONLY_ACTIVE_ARCH = YES;
				SDKROOT = iphoneos;
				SWIFT_OPTIMIZATION_LEVEL = "-Onone";
				TARGETED_DEVICE_FAMILY = "1,2";
			};
			name = Debug;
		};
		3C0826EB1B3A0849004D22BA /* Release */ = {
			isa = XCBuildConfiguration;
			buildSettings = {
				ALWAYS_SEARCH_USER_PATHS = NO;
				CLANG_CXX_LANGUAGE_STANDARD = "gnu++0x";
				CLANG_CXX_LIBRARY = "libc++";
				CLANG_ENABLE_MODULES = YES;
				CLANG_ENABLE_OBJC_ARC = YES;
				CLANG_WARN_BOOL_CONVERSION = YES;
				CLANG_WARN_CONSTANT_CONVERSION = YES;
				CLANG_WARN_DIRECT_OBJC_ISA_USAGE = YES_ERROR;
				CLANG_WARN_EMPTY_BODY = YES;
				CLANG_WARN_ENUM_CONVERSION = YES;
				CLANG_WARN_INT_CONVERSION = YES;
				CLANG_WARN_OBJC_ROOT_CLASS = YES_ERROR;
				CLANG_WARN_UNREACHABLE_CODE = YES;
				CLANG_WARN__DUPLICATE_METHOD_MATCH = YES;
				"CODE_SIGN_IDENTITY[sdk=iphoneos*]" = "iPhone Developer";
				COPY_PHASE_STRIP = NO;
				DEBUG_INFORMATION_FORMAT = "dwarf-with-dsym";
				ENABLE_NS_ASSERTIONS = NO;
				ENABLE_STRICT_OBJC_MSGSEND = YES;
				GCC_C_LANGUAGE_STANDARD = gnu99;
				GCC_NO_COMMON_BLOCKS = YES;
				GCC_WARN_64_TO_32_BIT_CONVERSION = YES;
				GCC_WARN_ABOUT_RETURN_TYPE = YES_ERROR;
				GCC_WARN_UNDECLARED_SELECTOR = YES;
				GCC_WARN_UNINITIALIZED_AUTOS = YES_AGGRESSIVE;
				GCC_WARN_UNUSED_FUNCTION = YES;
				GCC_WARN_UNUSED_VARIABLE = YES;
				IPHONEOS_DEPLOYMENT_TARGET = 8.3;
				MTL_ENABLE_DEBUG_INFO = NO;
				SDKROOT = iphoneos;
				TARGETED_DEVICE_FAMILY = "1,2";
				VALIDATE_PRODUCT = YES;
			};
			name = Release;
		};
		3C0826ED1B3A0849004D22BA /* Debug */ = {
			isa = XCBuildConfiguration;
			baseConfigurationReference = 8EDB3014C06D4B982575B092 /* Pods-CloudKitTodo-Swift.debug.xcconfig */;
			buildSettings = {
				ASSETCATALOG_COMPILER_APPICON_NAME = AppIcon;
				CLANG_ENABLE_MODULES = YES;
				INFOPLIST_FILE = "CloudKitTodo-Swift/Info.plist";
				LD_RUNPATH_SEARCH_PATHS = "$(inherited) @executable_path/Frameworks";
				PRODUCT_NAME = "$(TARGET_NAME)";
				SWIFT_OBJC_BRIDGING_HEADER = "CloudKitTodo-Swift/CloudKitTodo-Swift-Bridging-Header.h";
				SWIFT_OPTIMIZATION_LEVEL = "-Onone";
			};
			name = Debug;
		};
		3C0826EE1B3A0849004D22BA /* Release */ = {
			isa = XCBuildConfiguration;
			baseConfigurationReference = 637C2A4F5ED6A5F1561C0267 /* Pods-CloudKitTodo-Swift.release.xcconfig */;
			buildSettings = {
				ASSETCATALOG_COMPILER_APPICON_NAME = AppIcon;
				CLANG_ENABLE_MODULES = YES;
				INFOPLIST_FILE = "CloudKitTodo-Swift/Info.plist";
				LD_RUNPATH_SEARCH_PATHS = "$(inherited) @executable_path/Frameworks";
				PRODUCT_NAME = "$(TARGET_NAME)";
				SWIFT_OBJC_BRIDGING_HEADER = "CloudKitTodo-Swift/CloudKitTodo-Swift-Bridging-Header.h";
			};
			name = Release;
		};
		3C0826F01B3A0849004D22BA /* Debug */ = {
			isa = XCBuildConfiguration;
			baseConfigurationReference = 0582E4BEB2E7BD34D40F415C /* Pods-CloudKitTodo-SwiftTests.debug.xcconfig */;
			buildSettings = {
				BUNDLE_LOADER = "$(TEST_HOST)";
				CLANG_ENABLE_MODULES = YES;
				FRAMEWORK_SEARCH_PATHS = (
					"$(SDKROOT)/Developer/Library/Frameworks",
					"$(inherited)",
				);
				GCC_PREPROCESSOR_DEFINITIONS = (
					"DEBUG=1",
					"$(inherited)",
				);
				INFOPLIST_FILE = "CloudKitTodo-SwiftTests/Info.plist";
				LD_RUNPATH_SEARCH_PATHS = "$(inherited) @executable_path/Frameworks @loader_path/Frameworks";
				PRODUCT_NAME = "$(TARGET_NAME)";
				SWIFT_OBJC_BRIDGING_HEADER = "CloudKitTodo-Swift/CloudKitTodo-SwiftTests-Bridging-Header.h";
				SWIFT_OPTIMIZATION_LEVEL = "-Onone";
				TEST_HOST = "$(BUILT_PRODUCTS_DIR)/CloudKitTodo-Swift.app/CloudKitTodo-Swift";
			};
			name = Debug;
		};
		3C0826F11B3A0849004D22BA /* Release */ = {
			isa = XCBuildConfiguration;
			baseConfigurationReference = DBE7473F24460A1AAF8C6665 /* Pods-CloudKitTodo-SwiftTests.release.xcconfig */;
			buildSettings = {
				BUNDLE_LOADER = "$(TEST_HOST)";
				CLANG_ENABLE_MODULES = YES;
				FRAMEWORK_SEARCH_PATHS = (
					"$(SDKROOT)/Developer/Library/Frameworks",
					"$(inherited)",
				);
				INFOPLIST_FILE = "CloudKitTodo-SwiftTests/Info.plist";
				LD_RUNPATH_SEARCH_PATHS = "$(inherited) @executable_path/Frameworks @loader_path/Frameworks";
				PRODUCT_NAME = "$(TARGET_NAME)";
				SWIFT_OBJC_BRIDGING_HEADER = "CloudKitTodo-Swift/CloudKitTodo-SwiftTests-Bridging-Header.h";
				TEST_HOST = "$(BUILT_PRODUCTS_DIR)/CloudKitTodo-Swift.app/CloudKitTodo-Swift";
			};
			name = Release;
		};
/* End XCBuildConfiguration section */

/* Begin XCConfigurationList section */
		3C0826C81B3A0849004D22BA /* Build configuration list for PBXProject "CloudKitTodo-Swift" */ = {
			isa = XCConfigurationList;
			buildConfigurations = (
				3C0826EA1B3A0849004D22BA /* Debug */,
				3C0826EB1B3A0849004D22BA /* Release */,
			);
			defaultConfigurationIsVisible = 0;
			defaultConfigurationName = Release;
		};
		3C0826EC1B3A0849004D22BA /* Build configuration list for PBXNativeTarget "CloudKitTodo-Swift" */ = {
			isa = XCConfigurationList;
			buildConfigurations = (
				3C0826ED1B3A0849004D22BA /* Debug */,
				3C0826EE1B3A0849004D22BA /* Release */,
			);
			defaultConfigurationIsVisible = 0;
			defaultConfigurationName = Release;
		};
		3C0826EF1B3A0849004D22BA /* Build configuration list for PBXNativeTarget "CloudKitTodo-SwiftTests" */ = {
			isa = XCConfigurationList;
			buildConfigurations = (
				3C0826F01B3A0849004D22BA /* Debug */,
				3C0826F11B3A0849004D22BA /* Release */,
			);
			defaultConfigurationIsVisible = 0;
			defaultConfigurationName = Release;
		};
/* End XCConfigurationList section */
	};
	rootObject = 3C0826C51B3A0849004D22BA /* Project object */;
}
